
Microsoft Visual Studio Solution File, Format Version 12.00
# Visual Studio Version 17
VisualStudioVersion = 17.3.32929.385
MinimumVisualStudioVersion = 10.0.40219.1
Project("{FAE04EC0-301F-11D3-BF4B-00C04F79EFBC}") = "Noviembre.Web", "Noviembre.Web\Noviembre.Web.csproj", "{49025146-6D82-44D3-A565-17E5092C6480}"
EndProject
Global
	GlobalSection(SolutionConfigurationPlatforms) = preSolution
		Debug|Any CPU = Debug|Any CPU
		Release|Any CPU = Release|Any CPU
	EndGlobalSection
	GlobalSection(ProjectConfigurationPlatforms) = postSolution
		{49025146-6D82-44D3-A565-17E5092C6480}.Debug|Any CPU.ActiveCfg = Debug|Any CPU
		{49025146-6D82-44D3-A565-17E5092C6480}.Debug|Any CPU.Build.0 = Debug|Any CPU
		{49025146-6D82-44D3-A565-17E5092C6480}.Release|Any CPU.ActiveCfg = Release|Any CPU
		{49025146-6D82-44D3-A565-17E5092C6480}.Release|Any CPU.Build.0 = Release|Any CPU
	EndGlobalSection
	GlobalSection(SolutionProperties) = preSolution
		HideSolutionNode = FALSE
	EndGlobalSection
	GlobalSection(ExtensibilityGlobals) = postSolution
		SolutionGuid = {CEA042B4-C620-4DE4-A13E-4F0FF8D67C03}
	EndGlobalSection
EndGlobal
